
Microsoft Visual Studio Solution File, Format Version 12.00
# Visual Studio 15
VisualStudioVersion = 15.0.27703.2026
MinimumVisualStudioVersion = 10.0.40219.1
Project("{FAE04EC0-301F-11D3-BF4B-00C04F79EFBC}") = "PrsWithEf", "PrsWithEf\PrsWithEf.csproj", "{D15990DD-ECEA-4EB6-ADA3-067A536186DC}"
EndProject
Project("{FAE04EC0-301F-11D3-BF4B-00C04F79EFBC}") = "PrsEf", "PrsEf\PrsEf.csproj", "{A371F1D2-8DF2-494A-B2AB-812E90496D47}"
EndProject
Global
	GlobalSection(SolutionConfigurationPlatforms) = preSolution
		Debug|Any CPU = Debug|Any CPU
		Release|Any CPU = Release|Any CPU
	EndGlobalSection
	GlobalSection(ProjectConfigurationPlatforms) = postSolution
		{D15990DD-ECEA-4EB6-ADA3-067A536186DC}.Debug|Any CPU.ActiveCfg = Debug|Any CPU
		{D15990DD-ECEA-4EB6-ADA3-067A536186DC}.Debug|Any CPU.Build.0 = Debug|Any CPU
		{D15990DD-ECEA-4EB6-ADA3-067A536186DC}.Release|Any CPU.ActiveCfg = Release|Any CPU
		{D15990DD-ECEA-4EB6-ADA3-067A536186DC}.Release|Any CPU.Build.0 = Release|Any CPU
		{A371F1D2-8DF2-494A-B2AB-812E90496D47}.Debug|Any CPU.ActiveCfg = Debug|Any CPU
		{A371F1D2-8DF2-494A-B2AB-812E90496D47}.Debug|Any CPU.Build.0 = Debug|Any CPU
		{A371F1D2-8DF2-494A-B2AB-812E90496D47}.Release|Any CPU.ActiveCfg = Release|Any CPU
		{A371F1D2-8DF2-494A-B2AB-812E90496D47}.Release|Any CPU.Build.0 = Release|Any CPU
	EndGlobalSection
	GlobalSection(SolutionProperties) = preSolution
		HideSolutionNode = FALSE
	EndGlobalSection
	GlobalSection(ExtensibilityGlobals) = postSolution
		SolutionGuid = {B2B9F7F5-853C-4361-B8A3-E839D0B4CF87}
	EndGlobalSection
EndGlobal
